
Microsoft Visual Studio Solution File, Format Version 12.00
# Visual Studio Version 17
VisualStudioVersion = 17.0.32014.148
MinimumVisualStudioVersion = 10.0.40219.1
Project("{9A19103F-16F7-4668-BE54-9A1E7A4F7556}") = "DAL", "DAL\DAL.csproj", "{771BE4BB-CF7B-43ED-86D3-B7C7BFCE1358}"
EndProject
Project("{9A19103F-16F7-4668-BE54-9A1E7A4F7556}") = "Service", "Service\Service.csproj", "{B9AB1E0C-A37C-4B84-B7D9-3FC8FE1B87D0}"
EndProject
Project("{FAE04EC0-301F-11D3-BF4B-00C04F79EFBC}") = "SojaAPI", "SojaAPI\SojaAPI.csproj", "{5972EFD5-01E8-4505-8B9D-C39FD3BC2170}"
EndProject
Global
	GlobalSection(SolutionConfigurationPlatforms) = preSolution
		Debug|Any CPU = Debug|Any CPU
		Release|Any CPU = Release|Any CPU
	EndGlobalSection
	GlobalSection(ProjectConfigurationPlatforms) = postSolution
		{771BE4BB-CF7B-43ED-86D3-B7C7BFCE1358}.Debug|Any CPU.ActiveCfg = Debug|Any CPU
		{771BE4BB-CF7B-43ED-86D3-B7C7BFCE1358}.Debug|Any CPU.Build.0 = Debug|Any CPU
		{771BE4BB-CF7B-43ED-86D3-B7C7BFCE1358}.Release|Any CPU.ActiveCfg = Release|Any CPU
		{771BE4BB-CF7B-43ED-86D3-B7C7BFCE1358}.Release|Any CPU.Build.0 = Release|Any CPU
		{B9AB1E0C-A37C-4B84-B7D9-3FC8FE1B87D0}.Debug|Any CPU.ActiveCfg = Debug|Any CPU
		{B9AB1E0C-A37C-4B84-B7D9-3FC8FE1B87D0}.Debug|Any CPU.Build.0 = Debug|Any CPU
		{B9AB1E0C-A37C-4B84-B7D9-3FC8FE1B87D0}.Release|Any CPU.ActiveCfg = Release|Any CPU
		{B9AB1E0C-A37C-4B84-B7D9-3FC8FE1B87D0}.Release|Any CPU.Build.0 = Release|Any CPU
		{5972EFD5-01E8-4505-8B9D-C39FD3BC2170}.Debug|Any CPU.ActiveCfg = Debug|Any CPU
		{5972EFD5-01E8-4505-8B9D-C39FD3BC2170}.Debug|Any CPU.Build.0 = Debug|Any CPU
		{5972EFD5-01E8-4505-8B9D-C39FD3BC2170}.Release|Any CPU.ActiveCfg = Release|Any CPU
		{5972EFD5-01E8-4505-8B9D-C39FD3BC2170}.Release|Any CPU.Build.0 = Release|Any CPU
	EndGlobalSection
	GlobalSection(SolutionProperties) = preSolution
		HideSolutionNode = FALSE
	EndGlobalSection
	GlobalSection(ExtensibilityGlobals) = postSolution
		SolutionGuid = {815EAC6F-E89A-42CE-B840-9E14346059D2}
	EndGlobalSection
EndGlobal
